
Microsoft Visual Studio Solution File, Format Version 12.00
# Visual Studio Version 16
VisualStudioVersion = 16.0.30717.126
MinimumVisualStudioVersion = 10.0.40219.1
Project("{9A19103F-16F7-4668-BE54-9A1E7A4F7556}") = "GoDAPI", "GoDAPI\GoDAPI.csproj", "{34EB67F1-A7D3-47AF-B418-75D57201421C}"
EndProject
Project("{FAE04EC0-301F-11D3-BF4B-00C04F79EFBC}") = "GoDWeb", "GoDWeb\GoDWeb.csproj", "{A91BFE75-EDE2-440E-9183-98EB1D249A7B}"
EndProject
Global
	GlobalSection(SolutionConfigurationPlatforms) = preSolution
		Debug|Any CPU = Debug|Any CPU
		Release|Any CPU = Release|Any CPU
	EndGlobalSection
	GlobalSection(ProjectConfigurationPlatforms) = postSolution
		{34EB67F1-A7D3-47AF-B418-75D57201421C}.Debug|Any CPU.ActiveCfg = Debug|Any CPU
		{34EB67F1-A7D3-47AF-B418-75D57201421C}.Debug|Any CPU.Build.0 = Debug|Any CPU
		{34EB67F1-A7D3-47AF-B418-75D57201421C}.Release|Any CPU.ActiveCfg = Release|Any CPU
		{34EB67F1-A7D3-47AF-B418-75D57201421C}.Release|Any CPU.Build.0 = Release|Any CPU
		{A91BFE75-EDE2-440E-9183-98EB1D249A7B}.Debug|Any CPU.ActiveCfg = Debug|Any CPU
		{A91BFE75-EDE2-440E-9183-98EB1D249A7B}.Debug|Any CPU.Build.0 = Debug|Any CPU
		{A91BFE75-EDE2-440E-9183-98EB1D249A7B}.Release|Any CPU.ActiveCfg = Release|Any CPU
		{A91BFE75-EDE2-440E-9183-98EB1D249A7B}.Release|Any CPU.Build.0 = Release|Any CPU
	EndGlobalSection
	GlobalSection(SolutionProperties) = preSolution
		HideSolutionNode = FALSE
	EndGlobalSection
	GlobalSection(ExtensibilityGlobals) = postSolution
		SolutionGuid = {152E125F-9DEE-4133-9191-EB9EC0526FC3}
	EndGlobalSection
EndGlobal
